
Microsoft Visual Studio Solution File, Format Version 12.00
Project("{FAE04EC0-301F-11D3-BF4B-00C04F79EFBC}") = "SqlInjectDetect", "SqlInjectDetect\SqlInjectDetect.csproj", "{6AFC9434-94F0-4ED4-89FF-312DD07E1A90}"
EndProject
Project("{FAE04EC0-301F-11D3-BF4B-00C04F79EFBC}") = "SqlInjectDetectTests", "SqlInjectDetectTests\SqlInjectDetectTests.csproj", "{69E3A354-2BD0-424F-81F6-369490A55DE8}"
EndProject
Global
	GlobalSection(SolutionConfigurationPlatforms) = preSolution
		Debug|Any CPU = Debug|Any CPU
		Release|Any CPU = Release|Any CPU
	EndGlobalSection
	GlobalSection(ProjectConfigurationPlatforms) = postSolution
		{6AFC9434-94F0-4ED4-89FF-312DD07E1A90}.Debug|Any CPU.ActiveCfg = Debug|Any CPU
		{6AFC9434-94F0-4ED4-89FF-312DD07E1A90}.Debug|Any CPU.Build.0 = Debug|Any CPU
		{6AFC9434-94F0-4ED4-89FF-312DD07E1A90}.Release|Any CPU.ActiveCfg = Release|Any CPU
		{6AFC9434-94F0-4ED4-89FF-312DD07E1A90}.Release|Any CPU.Build.0 = Release|Any CPU
		{69E3A354-2BD0-424F-81F6-369490A55DE8}.Debug|Any CPU.ActiveCfg = Debug|Any CPU
		{69E3A354-2BD0-424F-81F6-369490A55DE8}.Debug|Any CPU.Build.0 = Debug|Any CPU
		{69E3A354-2BD0-424F-81F6-369490A55DE8}.Release|Any CPU.ActiveCfg = Release|Any CPU
		{69E3A354-2BD0-424F-81F6-369490A55DE8}.Release|Any CPU.Build.0 = Release|Any CPU
	EndGlobalSection
EndGlobal
